
Microsoft Visual Studio Solution File, Format Version 12.00
# Visual Studio 14
VisualStudioVersion = 14.0.25420.1
MinimumVisualStudioVersion = 10.0.40219.1
Project("{FAE04EC0-301F-11D3-BF4B-00C04F79EFBC}") = "Herjoittelua", "Herjoittelua\Herjoittelua.csproj", "{EBAF89CB-0416-4BDB-B1C2-B783E0718545}"
EndProject
Project("{2150E333-8FDC-42A3-9474-1A3956D46DE8}") = "Solution Items", "Solution Items", "{03E5DB7B-2821-4B60-A099-8BFC56AA3978}"
EndProject
Global
	GlobalSection(SolutionConfigurationPlatforms) = preSolution
		Debug|Any CPU = Debug|Any CPU
		Release|Any CPU = Release|Any CPU
	EndGlobalSection
	GlobalSection(ProjectConfigurationPlatforms) = postSolution
		{EBAF89CB-0416-4BDB-B1C2-B783E0718545}.Debug|Any CPU.ActiveCfg = Debug|Any CPU
		{EBAF89CB-0416-4BDB-B1C2-B783E0718545}.Debug|Any CPU.Build.0 = Debug|Any CPU
		{EBAF89CB-0416-4BDB-B1C2-B783E0718545}.Release|Any CPU.ActiveCfg = Release|Any CPU
		{EBAF89CB-0416-4BDB-B1C2-B783E0718545}.Release|Any CPU.Build.0 = Release|Any CPU
	EndGlobalSection
	GlobalSection(SolutionProperties) = preSolution
		HideSolutionNode = FALSE
	EndGlobalSection
EndGlobal
